// !$*UTF8*$!
{
	archiveVersion = 1;
	classes = {
	};
	objectVersion = 50;
	objects = {

/* Begin PBXBuildFile section */
		7A2197332355E75700FA607F /* AppDelegate.m in Sources */ = {isa = PBXBuildFile; fileRef = 7A2197322355E75700FA607F /* AppDelegate.m */; };
		7A2197362355E75700FA607F /* SceneDelegate.m in Sources */ = {isa = PBXBuildFile; fileRef = 7A2197352355E75700FA607F /* SceneDelegate.m */; };
		7A2197392355E75700FA607F /* ViewController.m in Sources */ = {isa = PBXBuildFile; fileRef = 7A2197382355E75700FA607F /* ViewController.m */; };
		7A21973C2355E75700FA607F /* Main.storyboard in Resources */ = {isa = PBXBuildFile; fileRef = 7A21973A2355E75700FA607F /* Main.storyboard */; };
		7A21973E2355E75B00FA607F /* Assets.xcassets in Resources */ = {isa = PBXBuildFile; fileRef = 7A21973D2355E75B00FA607F /* Assets.xcassets */; };
		7A2197412355E75B00FA607F /* LaunchScreen.storyboard in Resources */ = {isa = PBXBuildFile; fileRef = 7A21973F2355E75B00FA607F /* LaunchScreen.storyboard */; };
		7A2197442355E75B00FA607F /* main.m in Sources */ = {isa = PBXBuildFile; fileRef = 7A2197432355E75B00FA607F /* main.m */; };
		7A21974C2355E81300FA607F /* MyHeader.m in Sources */ = {isa = PBXBuildFile; fileRef = 7A21974B2355E81300FA607F /* MyHeader.m */; };
		7A21974F2355E83200FA607F /* MyFirstLevelCell.m in Sources */ = {isa = PBXBuildFile; fileRef = 7A21974E2355E83200FA607F /* MyFirstLevelCell.m */; };
		7A2197522355ECEE00FA607F /* MyLayout.m in Sources */ = {isa = PBXBuildFile; fileRef = 7A2197512355ECEE00FA607F /* MyLayout.m */; };
		7A2197552355F37300FA607F /* MySecondLevelCell.m in Sources */ = {isa = PBXBuildFile; fileRef = 7A2197542355F37300FA607F /* MySecondLevelCell.m */; };
/* End PBXBuildFile section */

/* Begin PBXFileReference section */
		7A21972E2355E75700FA607F /* MyCollectionView.app */ = {isa = PBXFileReference; explicitFileType = wrapper.application; includeInIndex = 0; path = MyCollectionView.app; sourceTree = BUILT_PRODUCTS_DIR; };
		7A2197312355E75700FA607F /* AppDelegate.h */ = {isa = PBXFileReference; lastKnownFileType = sourcecode.c.h; path = AppDelegate.h; sourceTree = "<group>"; };
		7A2197322355E75700FA607F /* AppDelegate.m */ = {isa = PBXFileReference; lastKnownFileType = sourcecode.c.objc; path = AppDelegate.m; sourceTree = "<group>"; };
		7A2197342355E75700FA607F /* SceneDelegate.h */ = {isa = PBXFileReference; lastKnownFileType = sourcecode.c.h; path = SceneDelegate.h; sourceTree = "<group>"; };
		7A2197352355E75700FA607F /* SceneDelegate.m */ = {isa = PBXFileReference; lastKnownFileType = sourcecode.c.objc; path = SceneDelegate.m; sourceTree = "<group>"; };
		7A2197372355E75700FA607F /* ViewController.h */ = {isa = PBXFileReference; lastKnownFileType = sourcecode.c.h; path = ViewController.h; sourceTree = "<group>"; };
		7A2197382355E75700FA607F /* ViewController.m */ = {isa = PBXFileReference; lastKnownFileType = sourcecode.c.objc; path = ViewController.m; sourceTree = "<group>"; };
		7A21973B2355E75700FA607F /* Base */ = {isa = PBXFileReference; lastKnownFileType = file.storyboard; name = Base; path = Base.lproj/Main.storyboard; sourceTree = "<group>"; };
		7A21973D2355E75B00FA607F /* Assets.xcassets */ = {isa = PBXFileReference; lastKnownFileType = folder.assetcatalog; path = Assets.xcassets; sourceTree = "<group>"; };
		7A2197402355E75B00FA607F /* Base */ = {isa = PBXFileReference; lastKnownFileType = file.storyboard; name = Base; path = Base.lproj/LaunchScreen.storyboard; sourceTree = "<group>"; };
		7A2197422355E75B00FA607F /* Info.plist */ = {isa = PBXFileReference; lastKnownFileType = text.plist.xml; path = Info.plist; sourceTree = "<group>"; };
		7A2197432355E75B00FA607F /* main.m */ = {isa = PBXFileReference; lastKnownFileType = sourcecode.c.objc; path = main.m; sourceTree = "<group>"; };
		7A21974A2355E81300FA607F /* MyHeader.h */ = {isa = PBXFileReference; lastKnownFileType = sourcecode.c.h; path = MyHeader.h; sourceTree = "<group>"; };
		7A21974B2355E81300FA607F /* MyHeader.m */ = {isa = PBXFileReference; lastKnownFileType = sourcecode.c.objc; path = MyHeader.m; sourceTree = "<group>"; };
		7A21974D2355E83200FA607F /* MyFirstLevelCell.h */ = {isa = PBXFileReference; lastKnownFileType = sourcecode.c.h; path = MyFirstLevelCell.h; sourceTree = "<group>"; };
		7A21974E2355E83200FA607F /* MyFirstLevelCell.m */ = {isa = PBXFileReference; lastKnownFileType = sourcecode.c.objc; path = MyFirstLevelCell.m; sourceTree = "<group>"; };
		7A2197502355ECEE00FA607F /* MyLayout.h */ = {isa = PBXFileReference; lastKnownFileType = sourcecode.c.h; path = MyLayout.h; sourceTree = "<group>"; };
		7A2197512355ECEE00FA607F /* MyLayout.m */ = {isa = PBXFileReference; lastKnownFileType = sourcecode.c.objc; path = MyLayout.m; sourceTree = "<group>"; };
		7A2197532355F37300FA607F /* MySecondLevelCell.h */ = {isa = PBXFileReference; lastKnownFileType = sourcecode.c.h; path = MySecondLevelCell.h; sourceTree = "<group>"; };
		7A2197542355F37300FA607F /* MySecondLevelCell.m */ = {isa = PBXFileReference; lastKnownFileType = sourcecode.c.objc; path = MySecondLevelCell.m; sourceTree = "<group>"; };
/* End PBXFileReference section */

/* Begin PBXFrameworksBuildPhase section */
		7A21972B2355E75700FA607F /* Frameworks */ = {
			isa = PBXFrameworksBuildPhase;
			buildActionMask = 2147483647;
			files = (
			);
			runOnlyForDeploymentPostprocessing = 0;
		};
/* End PBXFrameworksBuildPhase section */

/* Begin PBXGroup section */
		7A2197252355E75700FA607F = {
			isa = PBXGroup;
			children = (
				7A2197302355E75700FA607F /* MyCollectionView */,
				7A21972F2355E75700FA607F /* Products */,
			);
			sourceTree = "<group>";
		};
		7A21972F2355E75700FA607F /* Products */ = {
			isa = PBXGroup;
			children = (
				7A21972E2355E75700FA607F /* MyCollectionView.app */,
			);
			name = Products;
			sourceTree = "<group>";
		};
		7A2197302355E75700FA607F /* MyCollectionView */ = {
			isa = PBXGroup;
			children = (
				7A2197312355E75700FA607F /* AppDelegate.h */,
				7A2197322355E75700FA607F /* AppDelegate.m */,
				7A2197342355E75700FA607F /* SceneDelegate.h */,
				7A2197352355E75700FA607F /* SceneDelegate.m */,
				7A2197372355E75700FA607F /* ViewController.h */,
				7A2197382355E75700FA607F /* ViewController.m */,
				7A2197502355ECEE00FA607F /* MyLayout.h */,
				7A2197512355ECEE00FA607F /* MyLayout.m */,
				7A21974A2355E81300FA607F /* MyHeader.h */,
				7A21974B2355E81300FA607F /* MyHeader.m */,
				7A21974D2355E83200FA607F /* MyFirstLevelCell.h */,
				7A21974E2355E83200FA607F /* MyFirstLevelCell.m */,
				7A2197532355F37300FA607F /* MySecondLevelCell.h */,
				7A2197542355F37300FA607F /* MySecondLevelCell.m */,
				7A21973A2355E75700FA607F /* Main.storyboard */,
				7A21973D2355E75B00FA607F /* Assets.xcassets */,
				7A21973F2355E75B00FA607F /* LaunchScreen.storyboard */,
				7A2197422355E75B00FA607F /* Info.plist */,
				7A2197432355E75B00FA607F /* main.m */,
			);
			path = MyCollectionView;
			sourceTree = "<group>";
		};
/* End PBXGroup section */

/* Begin PBXNativeTarget section */
		7A21972D2355E75700FA607F /* MyCollectionView */ = {
			isa = PBXNativeTarget;
			buildConfigurationList = 7A2197472355E75B00FA607F /* Build configuration list for PBXNativeTarget "MyCollectionView" */;
			buildPhases = (
				7A21972A2355E75700FA607F /* Sources */,
				7A21972B2355E75700FA607F /* Frameworks */,
				7A21972C2355E75700FA607F /* Resources */,
			);
			buildRules = (
			);
			dependencies = (
			);
			name = MyCollectionView;
			productName = MyCollectionView;
			productReference = 7A21972E2355E75700FA607F /* MyCollectionView.app */;
			productType = "com.apple.product-type.application";
		};
/* End PBXNativeTarget section */

/* Begin PBXProject section */
		7A2197262355E75700FA607F /* Project object */ = {
			isa = PBXProject;
			attributes = {
				LastUpgradeCheck = 1110;
				ORGANIZATIONNAME = letv;
				TargetAttributes = {
					7A21972D2355E75700FA607F = {
						CreatedOnToolsVersion = 11.1;
					};
				};
			};
			buildConfigurationList = 7A2197292355E75700FA607F /* Build configuration list for PBXProject "MyCollectionView" */;
			compatibilityVersion = "Xcode 9.3";
			developmentRegion = en;
			hasScannedForEncodings = 0;
			knownRegions = (
				en,
				Base,
			);
			mainGroup = 7A2197252355E75700FA607F;
			productRefGroup = 7A21972F2355E75700FA607F /* Products */;
			projectDirPath = "";
			projectRoot = "";
			targets = (
				7A21972D2355E75700FA607F /* MyCollectionView */,
			);
		};
/* End PBXProject section */

/* Begin PBXResourcesBuildPhase section */
		7A21972C2355E75700FA607F /* Resources */ = {
			isa = PBXResourcesBuildPhase;
			buildActionMask = 2147483647;
			files = (
				7A2197412355E75B00FA607F /* LaunchScreen.storyboard in Resources */,
				7A21973E2355E75B00FA607F /* Assets.xcassets in Resources */,
				7A21973C2355E75700FA607F /* Main.storyboard in Resources */,
			);
			runOnlyForDeploymentPostprocessing = 0;
		};
/* End PBXResourcesBuildPhase section */

/* Begin PBXSourcesBuildPhase section */
		7A21972A2355E75700FA607F /* Sources */ = {
			isa = PBXSourcesBuildPhase;
			buildActionMask = 2147483647;
			files = (
				7A2197552355F37300FA607F /* MySecondLevelCell.m in Sources */,
				7A2197392355E75700FA607F /* ViewController.m in Sources */,
				7A2197332355E75700FA607F /* AppDelegate.m in Sources */,
				7A2197522355ECEE00FA607F /* MyLayout.m in Sources */,
				7A2197442355E75B00FA607F /* main.m in Sources */,
				7A2197362355E75700FA607F /* SceneDelegate.m in Sources */,
				7A21974C2355E81300FA607F /* MyHeader.m in Sources */,
				7A21974F2355E83200FA607F /* MyFirstLevelCell.m in Sources */,
			);
			runOnlyForDeploymentPostprocessing = 0;
		};
/* End PBXSourcesBuildPhase section */

/* Begin PBXVariantGroup section */
		7A21973A2355E75700FA607F /* Main.storyboard */ = {
			isa = PBXVariantGroup;
			children = (
				7A21973B2355E75700FA607F /* Base */,
			);
			name = Main.storyboard;
			sourceTree = "<group>";
		};
		7A21973F2355E75B00FA607F /* LaunchScreen.storyboard */ = {
			isa = PBXVariantGroup;
			children = (
				7A2197402355E75B00FA607F /* Base */,
			);
			name = LaunchScreen.storyboard;
			sourceTree = "<group>";
		};
/* End PBXVariantGroup section */

/* Begin XCBuildConfiguration section */
		7A2197452355E75B00FA607F /* Debug */ = {
			isa = XCBuildConfiguration;
			buildSettings = {
				ALWAYS_SEARCH_USER_PATHS = NO;
				CLANG_ANALYZER_NONNULL = YES;
				CLANG_ANALYZER_NUMBER_OBJECT_CONVERSION = YES_AGGRESSIVE;
				CLANG_CXX_LANGUAGE_STANDARD = "gnu++14";
				CLANG_CXX_LIBRARY = "libc++";
				CLANG_ENABLE_MODULES = YES;
				CLANG_ENABLE_OBJC_ARC = YES;
				CLANG_ENABLE_OBJC_WEAK = YES;
				CLANG_WARN_BLOCK_CAPTURE_AUTORELEASING = YES;
				CLANG_WARN_BOOL_CONVERSION = YES;
				CLANG_WARN_COMMA = YES;
				CLANG_WARN_CONSTANT_CONVERSION = YES;
				CLANG_WARN_DEPRECATED_OBJC_IMPLEMENTATIONS = YES;
				CLANG_WARN_DIRECT_OBJC_ISA_USAGE = YES_ERROR;
				CLANG_WARN_DOCUMENTATION_COMMENTS = YES;
				CLANG_WARN_EMPTY_BODY = YES;
				CLANG_WARN_ENUM_CONVERSION = YES;
				CLANG_WARN_INFINITE_RECURSION = YES;
				CLANG_WARN_INT_CONVERSION = YES;
				CLANG_WARN_NON_LITERAL_NULL_CONVERSION = YES;
				CLANG_WARN_OBJC_IMPLICIT_RETAIN_SELF = YES;
				CLANG_WARN_OBJC_LITERAL_CONVERSION = YES;
				CLANG_WARN_OBJC_ROOT_CLASS = YES_ERROR;
				CLANG_WARN_RANGE_LOOP_ANALYSIS = YES;
				CLANG_WARN_STRICT_PROTOTYPES = YES;
				CLANG_WARN_SUSPICIOUS_MOVE = YES;
				CLANG_WARN_UNGUARDED_AVAILABILITY = YES_AGGRESSIVE;
				CLANG_WARN_UNREACHABLE_CODE = YES;
				CLANG_WARN__DUPLICATE_METHOD_MATCH = YES;
				COPY_PHASE_STRIP = NO;
				DEBUG_INFORMATION_FORMAT = dwarf;
				ENABLE_STRICT_OBJC_MSGSEND = YES;
				ENABLE_TESTABILITY = YES;
				GCC_C_LANGUAGE_STANDARD = gnu11;
				GCC_DYNAMIC_NO_PIC = NO;
				GCC_NO_COMMON_BLOCKS = YES;
				GCC_OPTIMIZATION_LEVEL = 0;
				GCC_PREPROCESSOR_DEFINITIONS = (
					"DEBUG=1",
					"$(inherited)",
				);
				GCC_WARN_64_TO_32_BIT_CONVERSION = YES;
				GCC_WARN_ABOUT_RETURN_TYPE = YES_ERROR;
				GCC_WARN_UNDECLARED_SELECTOR = YES;
				GCC_WARN_UNINITIALIZED_AUTOS = YES_AGGRESSIVE;
				GCC_WARN_UNUSED_FUNCTION = YES;
				GCC_WARN_UNUSED_VARIABLE = YES;
				IPHONEOS_DEPLOYMENT_TARGET = 13.1;
				MTL_ENABLE_DEBUG_INFO = INCLUDE_SOURCE;
				MTL_FAST_MATH = YES;
				ONLY_ACTIVE_ARCH = YES;
				SDKROOT = iphoneos;
			};
			name = Debug;
		};
		7A2197462355E75B00FA607F /* Release */ = {
			isa = XCBuildConfiguration;
			buildSettings = {
				ALWAYS_SEARCH_USER_PATHS = NO;
				CLANG_ANALYZER_NONNULL = YES;
				CLANG_ANALYZER_NUMBER_OBJECT_CONVERSION = YES_AGGRESSIVE;
				CLANG_CXX_LANGUAGE_STANDARD = "gnu++14";
				CLANG_CXX_LIBRARY = "libc++";
				CLANG_ENABLE_MODULES = YES;
				CLANG_ENABLE_OBJC_ARC = YES;
				CLANG_ENABLE_OBJC_WEAK = YES;
				CLANG_WARN_BLOCK_CAPTURE_AUTORELEASING = YES;
				CLANG_WARN_BOOL_CONVERSION = YES;
				CLANG_WARN_COMMA = YES;
				CLANG_WARN_CONSTANT_CONVERSION = YES;
				CLANG_WARN_DEPRECATED_OBJC_IMPLEMENTATIONS = YES;
				CLANG_WARN_DIRECT_OBJC_ISA_USAGE = YES_ERROR;
				CLANG_WARN_DOCUMENTATION_COMMENTS = YES;
				CLANG_WARN_EMPTY_BODY = YES;
				CLANG_WARN_ENUM_CONVERSION = YES;
				CLANG_WARN_INFINITE_RECURSION = YES;
				CLANG_WARN_INT_CONVERSION = YES;
				CLANG_WARN_NON_LITERAL_NULL_CONVERSION = YES;
				CLANG_WARN_OBJC_IMPLICIT_RETAIN_SELF = YES;
				CLANG_WARN_OBJC_LITERAL_CONVERSION = YES;
				CLANG_WARN_OBJC_ROOT_CLASS = YES_ERROR;
				CLANG_WARN_RANGE_LOOP_ANALYSIS = YES;
				CLANG_WARN_STRICT_PROTOTYPES = YES;
				CLANG_WARN_SUSPICIOUS_MOVE = YES;
				CLANG_WARN_UNGUARDED_AVAILABILITY = YES_AGGRESSIVE;
				CLANG_WARN_UNREACHABLE_CODE = YES;
				CLANG_WARN__DUPLICATE_METHOD_MATCH = YES;
				COPY_PHASE_STRIP = NO;
				DEBUG_INFORMATION_FORMAT = "dwarf-with-dsym";
				ENABLE_NS_ASSERTIONS = NO;
				ENABLE_STRICT_OBJC_MSGSEND = YES;
				GCC_C_LANGUAGE_STANDARD = gnu11;
				GCC_NO_COMMON_BLOCKS = YES;
				GCC_WARN_64_TO_32_BIT_CONVERSION = YES;
				GCC_WARN_ABOUT_RETURN_TYPE = YES_ERROR;
				GCC_WARN_UNDECLARED_SELECTOR = YES;
				GCC_WARN_UNINITIALIZED_AUTOS = YES_AGGRESSIVE;
				GCC_WARN_UNUSED_FUNCTION = YES;
				GCC_WARN_UNUSED_VARIABLE = YES;
				IPHONEOS_DEPLOYMENT_TARGET = 13.1;
				MTL_ENABLE_DEBUG_INFO = NO;
				MTL_FAST_MATH = YES;
				SDKROOT = iphoneos;
				VALIDATE_PRODUCT = YES;
			};
			name = Release;
		};
		7A2197482355E75B00FA607F /* Debug */ = {
			isa = XCBuildConfiguration;
			buildSettings = {
				ASSETCATALOG_COMPILER_APPICON_NAME = AppIcon;
				CODE_SIGN_STYLE = Automatic;
				INFOPLIST_FILE = MyCollectionView/Info.plist;
				LD_RUNPATH_SEARCH_PATHS = (
					"$(inherited)",
					"@executable_path/Frameworks",
				);
				PRODUCT_BUNDLE_IDENTIFIER = com.letv.MyCollectionView;
				PRODUCT_NAME = "$(TARGET_NAME)";
				TARGETED_DEVICE_FAMILY = "1,2";
			};
			name = Debug;
		};
		7A2197492355E75B00FA607F /* Release */ = {
			isa = XCBuildConfiguration;
			buildSettings = {
				ASSETCATALOG_COMPILER_APPICON_NAME = AppIcon;
				CODE_SIGN_STYLE = Automatic;
				INFOPLIST_FILE = MyCollectionView/Info.plist;
				LD_RUNPATH_SEARCH_PATHS = (
					"$(inherited)",
					"@executable_path/Frameworks",
				);
				PRODUCT_BUNDLE_IDENTIFIER = com.letv.MyCollectionView;
				PRODUCT_NAME = "$(TARGET_NAME)";
				TARGETED_DEVICE_FAMILY = "1,2";
			};
			name = Release;
		};
/* End XCBuildConfiguration section */

/* Begin XCConfigurationList section */
		7A2197292355E75700FA607F /* Build configuration list for PBXProject "MyCollectionView" */ = {
			isa = XCConfigurationList;
			buildConfigurations = (
				7A2197452355E75B00FA607F /* Debug */,
				7A2197462355E75B00FA607F /* Release */,
			);
			defaultConfigurationIsVisible = 0;
			defaultConfigurationName = Release;
		};
		7A2197472355E75B00FA607F /* Build configuration list for PBXNativeTarget "MyCollectionView" */ = {
			isa = XCConfigurationList;
			buildConfigurations = (
				7A2197482355E75B00FA607F /* Debug */,
				7A2197492355E75B00FA607F /* Release */,
			);
			defaultConfigurationIsVisible = 0;
			defaultConfigurationName = Release;
		};
/* End XCConfigurationList section */
	};
	rootObject = 7A2197262355E75700FA607F /* Project object */;
}
